// !$*UTF8*$!
{
	archiveVersion = 1;
	classes = {
	};
	objectVersion = 46;
	objects = {

/* Begin PBXBuildFile section */
		EB12B3EB1827A26000C23AF4 /* Foundation.framework in Frameworks */ = {isa = PBXBuildFile; fileRef = EB12B3EA1827A26000C23AF4 /* Foundation.framework */; };
		EB12B3ED1827A26000C23AF4 /* CoreGraphics.framework in Frameworks */ = {isa = PBXBuildFile; fileRef = EB12B3EC1827A26000C23AF4 /* CoreGraphics.framework */; };
		EB12B3EF1827A26000C23AF4 /* UIKit.framework in Frameworks */ = {isa = PBXBuildFile; fileRef = EB12B3EE1827A26000C23AF4 /* UIKit.framework */; };
		EB12B3F51827A26000C23AF4 /* InfoPlist.strings in Resources */ = {isa = PBXBuildFile; fileRef = EB12B3F31827A26000C23AF4 /* InfoPlist.strings */; };
		EB12B3F71827A26000C23AF4 /* main.m in Sources */ = {isa = PBXBuildFile; fileRef = EB12B3F61827A26000C23AF4 /* main.m */; };
		EB12B3FB1827A26000C23AF4 /* AppDelegate.m in Sources */ = {isa = PBXBuildFile; fileRef = EB12B3FA1827A26000C23AF4 /* AppDelegate.m */; };
		EB12B3FE1827A26000C23AF4 /* Main.storyboard in Resources */ = {isa = PBXBuildFile; fileRef = EB12B3FC1827A26000C23AF4 /* Main.storyboard */; };
		EB12B4011827A26000C23AF4 /* ViewController.m in Sources */ = {isa = PBXBuildFile; fileRef = EB12B4001827A26000C23AF4 /* ViewController.m */; };
		EB12B4031827A26000C23AF4 /* Images.xcassets in Resources */ = {isa = PBXBuildFile; fileRef = EB12B4021827A26000C23AF4 /* Images.xcassets */; };
		EB12B40A1827A26000C23AF4 /* XCTest.framework in Frameworks */ = {isa = PBXBuildFile; fileRef = EB12B4091827A26000C23AF4 /* XCTest.framework */; };
		EB12B40B1827A26000C23AF4 /* Foundation.framework in Frameworks */ = {isa = PBXBuildFile; fileRef = EB12B3EA1827A26000C23AF4 /* Foundation.framework */; };
		EB12B40C1827A26000C23AF4 /* UIKit.framework in Frameworks */ = {isa = PBXBuildFile; fileRef = EB12B3EE1827A26000C23AF4 /* UIKit.framework */; };
		EB12B4141827A26000C23AF4 /* InfoPlist.strings in Resources */ = {isa = PBXBuildFile; fileRef = EB12B4121827A26000C23AF4 /* InfoPlist.strings */; };
		EB12B4161827A26000C23AF4 /* TImerTests.m in Sources */ = {isa = PBXBuildFile; fileRef = EB12B4151827A26000C23AF4 /* TImerTests.m */; };
/* End PBXBuildFile section */

/* Begin PBXContainerItemProxy section */
		EB12B40D1827A26000C23AF4 /* PBXContainerItemProxy */ = {
			isa = PBXContainerItemProxy;
			containerPortal = EB12B3DF1827A26000C23AF4 /* Project object */;
			proxyType = 1;
			remoteGlobalIDString = EB12B3E61827A26000C23AF4;
			remoteInfo = TImer;
		};
/* End PBXContainerItemProxy section */

/* Begin PBXFileReference section */
		EB12B3E71827A26000C23AF4 /* TImer.app */ = {isa = PBXFileReference; explicitFileType = wrapper.application; includeInIndex = 0; path = TImer.app; sourceTree = BUILT_PRODUCTS_DIR; };
		EB12B3EA1827A26000C23AF4 /* Foundation.framework */ = {isa = PBXFileReference; lastKnownFileType = wrapper.framework; name = Foundation.framework; path = System/Library/Frameworks/Foundation.framework; sourceTree = SDKROOT; };
		EB12B3EC1827A26000C23AF4 /* CoreGraphics.framework */ = {isa = PBXFileReference; lastKnownFileType = wrapper.framework; name = CoreGraphics.framework; path = System/Library/Frameworks/CoreGraphics.framework; sourceTree = SDKROOT; };
		EB12B3EE1827A26000C23AF4 /* UIKit.framework */ = {isa = PBXFileReference; lastKnownFileType = wrapper.framework; name = UIKit.framework; path = System/Library/Frameworks/UIKit.framework; sourceTree = SDKROOT; };
		EB12B3F21827A26000C23AF4 /* TImer-Info.plist */ = {isa = PBXFileReference; lastKnownFileType = text.plist.xml; path = "TImer-Info.plist"; sourceTree = "<group>"; };
		EB12B3F41827A26000C23AF4 /* en */ = {isa = PBXFileReference; lastKnownFileType = text.plist.strings; name = en; path = en.lproj/InfoPlist.strings; sourceTree = "<group>"; };
		EB12B3F61827A26000C23AF4 /* main.m */ = {isa = PBXFileReference; lastKnownFileType = sourcecode.c.objc; path = main.m; sourceTree = "<group>"; };
		EB12B3F81827A26000C23AF4 /* TImer-Prefix.pch */ = {isa = PBXFileReference; lastKnownFileType = sourcecode.c.h; path = "TImer-Prefix.pch"; sourceTree = "<group>"; };
		EB12B3F91827A26000C23AF4 /* AppDelegate.h */ = {isa = PBXFileReference; lastKnownFileType = sourcecode.c.h; path = AppDelegate.h; sourceTree = "<group>"; };
		EB12B3FA1827A26000C23AF4 /* AppDelegate.m */ = {isa = PBXFileReference; lastKnownFileType = sourcecode.c.objc; path = AppDelegate.m; sourceTree = "<group>"; };
		EB12B3FD1827A26000C23AF4 /* Base */ = {isa = PBXFileReference; lastKnownFileType = file.storyboard; name = Base; path = Base.lproj/Main.storyboard; sourceTree = "<group>"; };
		EB12B3FF1827A26000C23AF4 /* ViewController.h */ = {isa = PBXFileReference; lastKnownFileType = sourcecode.c.h; path = ViewController.h; sourceTree = "<group>"; };
		EB12B4001827A26000C23AF4 /* ViewController.m */ = {isa = PBXFileReference; lastKnownFileType = sourcecode.c.objc; path = ViewController.m; sourceTree = "<group>"; };
		EB12B4021827A26000C23AF4 /* Images.xcassets */ = {isa = PBXFileReference; lastKnownFileType = folder.assetcatalog; path = Images.xcassets; sourceTree = "<group>"; };
		EB12B4081827A26000C23AF4 /* TImerTests.xctest */ = {isa = PBXFileReference; explicitFileType = wrapper.cfbundle; includeInIndex = 0; path = TImerTests.xctest; sourceTree = BUILT_PRODUCTS_DIR; };
		EB12B4091827A26000C23AF4 /* XCTest.framework */ = {isa = PBXFileReference; lastKnownFileType = wrapper.framework; name = XCTest.framework; path = Library/Frameworks/XCTest.framework; sourceTree = DEVELOPER_DIR; };
		EB12B4111827A26000C23AF4 /* TImerTests-Info.plist */ = {isa = PBXFileReference; lastKnownFileType = text.plist.xml; path = "TImerTests-Info.plist"; sourceTree = "<group>"; };
		EB12B4131827A26000C23AF4 /* en */ = {isa = PBXFileReference; lastKnownFileType = text.plist.strings; name = en; path = en.lproj/InfoPlist.strings; sourceTree = "<group>"; };
		EB12B4151827A26000C23AF4 /* TImerTests.m */ = {isa = PBXFileReference; lastKnownFileType = sourcecode.c.objc; path = TImerTests.m; sourceTree = "<group>"; };
/* End PBXFileReference section */

/* Begin PBXFrameworksBuildPhase section */
		EB12B3E41827A26000C23AF4 /* Frameworks */ = {
			isa = PBXFrameworksBuildPhase;
			buildActionMask = 2147483647;
			files = (
				EB12B3ED1827A26000C23AF4 /* CoreGraphics.framework in Frameworks */,
				EB12B3EF1827A26000C23AF4 /* UIKit.framework in Frameworks */,
				EB12B3EB1827A26000C23AF4 /* Foundation.framework in Frameworks */,
			);
			runOnlyForDeploymentPostprocessing = 0;
		};
		EB12B4051827A26000C23AF4 /* Frameworks */ = {
			isa = PBXFrameworksBuildPhase;
			buildActionMask = 2147483647;
			files = (
				EB12B40A1827A26000C23AF4 /* XCTest.framework in Frameworks */,
				EB12B40C1827A26000C23AF4 /* UIKit.framework in Frameworks */,
				EB12B40B1827A26000C23AF4 /* Foundation.framework in Frameworks */,
			);
			runOnlyForDeploymentPostprocessing = 0;
		};
/* End PBXFrameworksBuildPhase section */

/* Begin PBXGroup section */
		EB12B3DE1827A26000C23AF4 = {
			isa = PBXGroup;
			children = (
				EB12B3F01827A26000C23AF4 /* TImer */,
				EB12B40F1827A26000C23AF4 /* TImerTests */,
				EB12B3E91827A26000C23AF4 /* Frameworks */,
				EB12B3E81827A26000C23AF4 /* Products */,
			);
			sourceTree = "<group>";
		};
		EB12B3E81827A26000C23AF4 /* Products */ = {
			isa = PBXGroup;
			children = (
				EB12B3E71827A26000C23AF4 /* TImer.app */,
				EB12B4081827A26000C23AF4 /* TImerTests.xctest */,
			);
			name = Products;
			sourceTree = "<group>";
		};
		EB12B3E91827A26000C23AF4 /* Frameworks */ = {
			isa = PBXGroup;
			children = (
				EB12B3EA1827A26000C23AF4 /* Foundation.framework */,
				EB12B3EC1827A26000C23AF4 /* CoreGraphics.framework */,
				EB12B3EE1827A26000C23AF4 /* UIKit.framework */,
				EB12B4091827A26000C23AF4 /* XCTest.framework */,
			);
			name = Frameworks;
			sourceTree = "<group>";
		};
		EB12B3F01827A26000C23AF4 /* TImer */ = {
			isa = PBXGroup;
			children = (
				EB12B3F91827A26000C23AF4 /* AppDelegate.h */,
				EB12B3FA1827A26000C23AF4 /* AppDelegate.m */,
				EB12B3FC1827A26000C23AF4 /* Main.storyboard */,
				EB12B3FF1827A26000C23AF4 /* ViewController.h */,
				EB12B4001827A26000C23AF4 /* ViewController.m */,
				EB12B4021827A26000C23AF4 /* Images.xcassets */,
				EB12B3F11827A26000C23AF4 /* Supporting Files */,
			);
			path = TImer;
			sourceTree = "<group>";
		};
		EB12B3F11827A26000C23AF4 /* Supporting Files */ = {
			isa = PBXGroup;
			children = (
				EB12B3F21827A26000C23AF4 /* TImer-Info.plist */,
				EB12B3F31827A26000C23AF4 /* InfoPlist.strings */,
				EB12B3F61827A26000C23AF4 /* main.m */,
				EB12B3F81827A26000C23AF4 /* TImer-Prefix.pch */,
			);
			name = "Supporting Files";
			sourceTree = "<group>";
		};
		EB12B40F1827A26000C23AF4 /* TImerTests */ = {
			isa = PBXGroup;
			children = (
				EB12B4151827A26000C23AF4 /* TImerTests.m */,
				EB12B4101827A26000C23AF4 /* Supporting Files */,
			);
			path = TImerTests;
			sourceTree = "<group>";
		};
		EB12B4101827A26000C23AF4 /* Supporting Files */ = {
			isa = PBXGroup;
			children = (
				EB12B4111827A26000C23AF4 /* TImerTests-Info.plist */,
				EB12B4121827A26000C23AF4 /* InfoPlist.strings */,
			);
			name = "Supporting Files";
			sourceTree = "<group>";
		};
/* End PBXGroup section */

/* Begin PBXNativeTarget section */
		EB12B3E61827A26000C23AF4 /* TImer */ = {
			isa = PBXNativeTarget;
			buildConfigurationList = EB12B4191827A26000C23AF4 /* Build configuration list for PBXNativeTarget "TImer" */;
			buildPhases = (
				EB12B3E31827A26000C23AF4 /* Sources */,
				EB12B3E41827A26000C23AF4 /* Frameworks */,
				EB12B3E51827A26000C23AF4 /* Resources */,
			);
			buildRules = (
			);
			dependencies = (
			);
			name = TImer;
			productName = TImer;
			productReference = EB12B3E71827A26000C23AF4 /* TImer.app */;
			productType = "com.apple.product-type.application";
		};
		EB12B4071827A26000C23AF4 /* TImerTests */ = {
			isa = PBXNativeTarget;
			buildConfigurationList = EB12B41C1827A26000C23AF4 /* Build configuration list for PBXNativeTarget "TImerTests" */;
			buildPhases = (
				EB12B4041827A26000C23AF4 /* Sources */,
				EB12B4051827A26000C23AF4 /* Frameworks */,
				EB12B4061827A26000C23AF4 /* Resources */,
			);
			buildRules = (
			);
			dependencies = (
				EB12B40E1827A26000C23AF4 /* PBXTargetDependency */,
			);
			name = TImerTests;
			productName = TImerTests;
			productReference = EB12B4081827A26000C23AF4 /* TImerTests.xctest */;
			productType = "com.apple.product-type.bundle.unit-test";
		};
/* End PBXNativeTarget section */

/* Begin PBXProject section */
		EB12B3DF1827A26000C23AF4 /* Project object */ = {
			isa = PBXProject;
			attributes = {
				LastUpgradeCheck = 0500;
				ORGANIZATIONNAME = "Attila Csala";
				TargetAttributes = {
					EB12B4071827A26000C23AF4 = {
						TestTargetID = EB12B3E61827A26000C23AF4;
					};
				};
			};
			buildConfigurationList = EB12B3E21827A26000C23AF4 /* Build configuration list for PBXProject "TImer" */;
			compatibilityVersion = "Xcode 3.2";
			developmentRegion = English;
			hasScannedForEncodings = 0;
			knownRegions = (
				en,
				Base,
			);
			mainGroup = EB12B3DE1827A26000C23AF4;
			productRefGroup = EB12B3E81827A26000C23AF4 /* Products */;
			projectDirPath = "";
			projectRoot = "";
			targets = (
				EB12B3E61827A26000C23AF4 /* TImer */,
				EB12B4071827A26000C23AF4 /* TImerTests */,
			);
		};
/* End PBXProject section */

/* Begin PBXResourcesBuildPhase section */
		EB12B3E51827A26000C23AF4 /* Resources */ = {
			isa = PBXResourcesBuildPhase;
			buildActionMask = 2147483647;
			files = (
				EB12B4031827A26000C23AF4 /* Images.xcassets in Resources */,
				EB12B3F51827A26000C23AF4 /* InfoPlist.strings in Resources */,
				EB12B3FE1827A26000C23AF4 /* Main.storyboard in Resources */,
			);
			runOnlyForDeploymentPostprocessing = 0;
		};
		EB12B4061827A26000C23AF4 /* Resources */ = {
			isa = PBXResourcesBuildPhase;
			buildActionMask = 2147483647;
			files = (
				EB12B4141827A26000C23AF4 /* InfoPlist.strings in Resources */,
			);
			runOnlyForDeploymentPostprocessing = 0;
		};
/* End PBXResourcesBuildPhase section */

/* Begin PBXSourcesBuildPhase section */
		EB12B3E31827A26000C23AF4 /* Sources */ = {
			isa = PBXSourcesBuildPhase;
			buildActionMask = 2147483647;
			files = (
				EB12B4011827A26000C23AF4 /* ViewController.m in Sources */,
				EB12B3FB1827A26000C23AF4 /* AppDelegate.m in Sources */,
				EB12B3F71827A26000C23AF4 /* main.m in Sources */,
			);
			runOnlyForDeploymentPostprocessing = 0;
		};
		EB12B4041827A26000C23AF4 /* Sources */ = {
			isa = PBXSourcesBuildPhase;
			buildActionMask = 2147483647;
			files = (
				EB12B4161827A26000C23AF4 /* TImerTests.m in Sources */,
			);
			runOnlyForDeploymentPostprocessing = 0;
		};
/* End PBXSourcesBuildPhase section */

/* Begin PBXTargetDependency section */
		EB12B40E1827A26000C23AF4 /* PBXTargetDependency */ = {
			isa = PBXTargetDependency;
			target = EB12B3E61827A26000C23AF4 /* TImer */;
			targetProxy = EB12B40D1827A26000C23AF4 /* PBXContainerItemProxy */;
		};
/* End PBXTargetDependency section */

/* Begin PBXVariantGroup section */
		EB12B3F31827A26000C23AF4 /* InfoPlist.strings */ = {
			isa = PBXVariantGroup;
			children = (
				EB12B3F41827A26000C23AF4 /* en */,
			);
			name = InfoPlist.strings;
			sourceTree = "<group>";
		};
		EB12B3FC1827A26000C23AF4 /* Main.storyboard */ = {
			isa = PBXVariantGroup;
			children = (
				EB12B3FD1827A26000C23AF4 /* Base */,
			);
			name = Main.storyboard;
			sourceTree = "<group>";
		};
		EB12B4121827A26000C23AF4 /* InfoPlist.strings */ = {
			isa = PBXVariantGroup;
			children = (
				EB12B4131827A26000C23AF4 /* en */,
			);
			name = InfoPlist.strings;
			sourceTree = "<group>";
		};
/* End PBXVariantGroup section */

/* Begin XCBuildConfiguration section */
		EB12B4171827A26000C23AF4 /* Debug */ = {
			isa = XCBuildConfiguration;
			buildSettings = {
				ALWAYS_SEARCH_USER_PATHS = NO;
				ARCHS = "$(ARCHS_STANDARD_INCLUDING_64_BIT)";
				CLANG_CXX_LANGUAGE_STANDARD = "gnu++0x";
				CLANG_CXX_LIBRARY = "libc++";
				CLANG_ENABLE_MODULES = YES;
				CLANG_ENABLE_OBJC_ARC = YES;
				CLANG_WARN_BOOL_CONVERSION = YES;
				CLANG_WARN_CONSTANT_CONVERSION = YES;
				CLANG_WARN_DIRECT_OBJC_ISA_USAGE = YES_ERROR;
				CLANG_WARN_EMPTY_BODY = YES;
				CLANG_WARN_ENUM_CONVERSION = YES;
				CLANG_WARN_INT_CONVERSION = YES;
				CLANG_WARN_OBJC_ROOT_CLASS = YES_ERROR;
				CLANG_WARN__DUPLICATE_METHOD_MATCH = YES;
				"CODE_SIGN_IDENTITY[sdk=iphoneos*]" = "iPhone Developer";
				COPY_PHASE_STRIP = NO;
				GCC_C_LANGUAGE_STANDARD = gnu99;
				GCC_DYNAMIC_NO_PIC = NO;
				GCC_OPTIMIZATION_LEVEL = 0;
				GCC_PREPROCESSOR_DEFINITIONS = (
					"DEBUG=1",
					"$(inherited)",
				);
				GCC_SYMBOLS_PRIVATE_EXTERN = NO;
				GCC_WARN_64_TO_32_BIT_CONVERSION = YES;
				GCC_WARN_ABOUT_RETURN_TYPE = YES_ERROR;
				GCC_WARN_UNDECLARED_SELECTOR = YES;
				GCC_WARN_UNINITIALIZED_AUTOS = YES;
				GCC_WARN_UNUSED_FUNCTION = YES;
				GCC_WARN_UNUSED_VARIABLE = YES;
				IPHONEOS_DEPLOYMENT_TARGET = 7.0;
				ONLY_ACTIVE_ARCH = YES;
				SDKROOT = iphoneos;
			};
			name = Debug;
		};
		EB12B4181827A26000C23AF4 /* Release */ = {
			isa = XCBuildConfiguration;
			buildSettings = {
				ALWAYS_SEARCH_USER_PATHS = NO;
				ARCHS = "$(ARCHS_STANDARD_INCLUDING_64_BIT)";
				CLANG_CXX_LANGUAGE_STANDARD = "gnu++0x";
				CLANG_CXX_LIBRARY = "libc++";
				CLANG_ENABLE_MODULES = YES;
				CLANG_ENABLE_OBJC_ARC = YES;
				CLANG_WARN_BOOL_CONVERSION = YES;
				CLANG_WARN_CONSTANT_CONVERSION = YES;
				CLANG_WARN_DIRECT_OBJC_ISA_USAGE = YES_ERROR;
				CLANG_WARN_EMPTY_BODY = YES;
				CLANG_WARN_ENUM_CONVERSION = YES;
				CLANG_WARN_INT_CONVERSION = YES;
				CLANG_WARN_OBJC_ROOT_CLASS = YES_ERROR;
				CLANG_WARN__DUPLICATE_METHOD_MATCH = YES;
				"CODE_SIGN_IDENTITY[sdk=iphoneos*]" = "iPhone Developer";
				COPY_PHASE_STRIP = YES;
				ENABLE_NS_ASSERTIONS = NO;
				GCC_C_LANGUAGE_STANDARD = gnu99;
				GCC_WARN_64_TO_32_BIT_CONVERSION = YES;
				GCC_WARN_ABOUT_RETURN_TYPE = YES_ERROR;
				GCC_WARN_UNDECLARED_SELECTOR = YES;
				GCC_WARN_UNINITIALIZED_AUTOS = YES;
				GCC_WARN_UNUSED_FUNCTION = YES;
				GCC_WARN_UNUSED_VARIABLE = YES;
				IPHONEOS_DEPLOYMENT_TARGET = 7.0;
				SDKROOT = iphoneos;
				VALIDATE_PRODUCT = YES;
			};
			name = Release;
		};
		EB12B41A1827A26000C23AF4 /* Debug */ = {
			isa = XCBuildConfiguration;
			buildSettings = {
				ASSETCATALOG_COMPILER_APPICON_NAME = AppIcon;
				ASSETCATALOG_COMPILER_LAUNCHIMAGE_NAME = LaunchImage;
				GCC_PRECOMPILE_PREFIX_HEADER = YES;
				GCC_PREFIX_HEADER = "TImer/TImer-Prefix.pch";
				INFOPLIST_FILE = "TImer/TImer-Info.plist";
				PRODUCT_NAME = "$(TARGET_NAME)";
				WRAPPER_EXTENSION = app;
			};
			name = Debug;
		};
		EB12B41B1827A26000C23AF4 /* Release */ = {
			isa = XCBuildConfiguration;
			buildSettings = {
				ASSETCATALOG_COMPILER_APPICON_NAME = AppIcon;
				ASSETCATALOG_COMPILER_LAUNCHIMAGE_NAME = LaunchImage;
				GCC_PRECOMPILE_PREFIX_HEADER = YES;
				GCC_PREFIX_HEADER = "TImer/TImer-Prefix.pch";
				INFOPLIST_FILE = "TImer/TImer-Info.plist";
				PRODUCT_NAME = "$(TARGET_NAME)";
				WRAPPER_EXTENSION = app;
			};
			name = Release;
		};
		EB12B41D1827A26000C23AF4 /* Debug */ = {
			isa = XCBuildConfiguration;
			buildSettings = {
				ARCHS = "$(ARCHS_STANDARD_INCLUDING_64_BIT)";
				BUNDLE_LOADER = "$(BUILT_PRODUCTS_DIR)/TImer.app/TImer";
				FRAMEWORK_SEARCH_PATHS = (
					"$(SDKROOT)/Developer/Library/Frameworks",
					"$(inherited)",
					"$(DEVELOPER_FRAMEWORKS_DIR)",
				);
				GCC_PRECOMPILE_PREFIX_HEADER = YES;
				GCC_PREFIX_HEADER = "TImer/TImer-Prefix.pch";
				GCC_PREPROCESSOR_DEFINITIONS = (
					"DEBUG=1",
					"$(inherited)",
				);
				INFOPLIST_FILE = "TImerTests/TImerTests-Info.plist";
				PRODUCT_NAME = "$(TARGET_NAME)";
				TEST_HOST = "$(BUNDLE_LOADER)";
				WRAPPER_EXTENSION = xctest;
			};
			name = Debug;
		};
		EB12B41E1827A26000C23AF4 /* Release */ = {
			isa = XCBuildConfiguration;
			buildSettings = {
				ARCHS = "$(ARCHS_STANDARD_INCLUDING_64_BIT)";
				BUNDLE_LOADER = "$(BUILT_PRODUCTS_DIR)/TImer.app/TImer";
				FRAMEWORK_SEARCH_PATHS = (
					"$(SDKROOT)/Developer/Library/Frameworks",
					"$(inherited)",
					"$(DEVELOPER_FRAMEWORKS_DIR)",
				);
				GCC_PRECOMPILE_PREFIX_HEADER = YES;
				GCC_PREFIX_HEADER = "TImer/TImer-Prefix.pch";
				INFOPLIST_FILE = "TImerTests/TImerTests-Info.plist";
				PRODUCT_NAME = "$(TARGET_NAME)";
				TEST_HOST = "$(BUNDLE_LOADER)";
				WRAPPER_EXTENSION = xctest;
			};
			name = Release;
		};
/* End XCBuildConfiguration section */

/* Begin XCConfigurationList section */
		EB12B3E21827A26000C23AF4 /* Build configuration list for PBXProject "TImer" */ = {
			isa = XCConfigurationList;
			buildConfigurations = (
				EB12B4171827A26000C23AF4 /* Debug */,
				EB12B4181827A26000C23AF4 /* Release */,
			);
			defaultConfigurationIsVisible = 0;
			defaultConfigurationName = Release;
		};
		EB12B4191827A26000C23AF4 /* Build configuration list for PBXNativeTarget "TImer" */ = {
			isa = XCConfigurationList;
			buildConfigurations = (
				EB12B41A1827A26000C23AF4 /* Debug */,
				EB12B41B1827A26000C23AF4 /* Release */,
			);
			defaultConfigurationIsVisible = 0;
		};
		EB12B41C1827A26000C23AF4 /* Build configuration list for PBXNativeTarget "TImerTests" */ = {
			isa = XCConfigurationList;
			buildConfigurations = (
				EB12B41D1827A26000C23AF4 /* Debug */,
				EB12B41E1827A26000C23AF4 /* Release */,
			);
			defaultConfigurationIsVisible = 0;
		};
/* End XCConfigurationList section */
	};
	rootObject = EB12B3DF1827A26000C23AF4 /* Project object */;
}
